
Microsoft Visual Studio Solution File, Format Version 12.00
# Visual Studio 2015
Project("{FAE04EC0-301F-11D3-BF4B-00C04F79EFBC}") = "NeuralNetworkTutorial", "NeuralNetworkTutorial.csproj", "{D20A191F-1FD9-7948-66B3-A14A46CB5A8C}"
EndProject
Global
	GlobalSection(SolutionConfigurationPlatforms) = preSolution
		Debug|Any CPU = Debug|Any CPU
		Release|Any CPU = Release|Any CPU
	EndGlobalSection
	GlobalSection(ProjectConfigurationPlatforms) = postSolution
		{D20A191F-1FD9-7948-66B3-A14A46CB5A8C}.Debug|Any CPU.ActiveCfg = Debug|Any CPU
		{D20A191F-1FD9-7948-66B3-A14A46CB5A8C}.Debug|Any CPU.Build.0 = Debug|Any CPU
		{D20A191F-1FD9-7948-66B3-A14A46CB5A8C}.Release|Any CPU.ActiveCfg = Release|Any CPU
		{D20A191F-1FD9-7948-66B3-A14A46CB5A8C}.Release|Any CPU.Build.0 = Release|Any CPU
	EndGlobalSection
	GlobalSection(SolutionProperties) = preSolution
		HideSolutionNode = FALSE
	EndGlobalSection
EndGlobal
